github.com/jremy42/42-npuzzle/input v0.0.0-20230627125546-54ee8372858f h1:dcFStltFqVuf9w4n0wGfm0ouH7WdBjvzzCg9+ahsTIU=
github.com/jremy42/42-npuzzle/input v0.0.0-20230627125546-54ee8372858f/go.mod h1:yH4OcjfoMzB85pw+sk6DbHWATKqwF1n8QVowy2DRKIY=
github.com/jremy42/42-npuzzle/input v0.0.0-20230627133018-e154c0eb4d57 h1:tibs8goepuxqYPPwd7hhoIpgAP/wxKOOdix3vQHAS7w=
github.com/jremy42/42-npuzzle/input v0.0.0-20230627133018-e154c0eb4d57/go.mod h1:yH4OcjfoMzB85pw+sk6DbHWATKqwF1n8QVowy2DRKIY=
